
Microsoft Visual Studio Solution File, Format Version 12.00
# Visual Studio Version 17
VisualStudioVersion = 17.7.34031.279
MinimumVisualStudioVersion = 10.0.40219.1
Project("{2150E333-8FDC-42A3-9474-1A3956D46DE8}") = "Solution Items", "Solution Items", "{8FC526EA-218B-4615-8410-4E1850611F38}"
	ProjectSection(SolutionItems) = preProject
		.editorconfig = .editorconfig
		Directory.Build.props = Directory.Build.props
	EndProjectSection
EndProject
Project("{2150E333-8FDC-42A3-9474-1A3956D46DE8}") = "src", "src", "{64A28C1B-09AF-426E-8721-D002BE554B48}"
EndProject
Project("{9A19103F-16F7-4668-BE54-9A1E7A4F7556}") = "Application", "src\Application\Application.csproj", "{0F576D4A-156D-4626-A4D5-83DD0F6FAFE7}"
EndProject
Project("{9A19103F-16F7-4668-BE54-9A1E7A4F7556}") = "Domain", "src\Domain\Domain.csproj", "{D6A4CB9D-F8BC-4650-A749-A7A8B713F51A}"
EndProject
Project("{9A19103F-16F7-4668-BE54-9A1E7A4F7556}") = "Infrastructure", "src\Infrastructure\Infrastructure.csproj", "{C699FD09-4D82-4C4B-8744-4FD3B0D60EFC}"
EndProject
Project("{9A19103F-16F7-4668-BE54-9A1E7A4F7556}") = "SharedKernel", "src\SharedKernel\SharedKernel.csproj", "{166778A2-518F-47F0-BBC7-DB49C76A963C}"
EndProject
Project("{9A19103F-16F7-4668-BE54-9A1E7A4F7556}") = "Web.Api", "src\Web.Api\Web.Api.csproj", "{86506D03-3746-41E7-A645-97D3633981DB}"
EndProject
Project("{2150E333-8FDC-42A3-9474-1A3956D46DE8}") = "tests", "tests", "{1EB88D85-BE1E-46DE-99A2-2F02363060AF}"
EndProject
Project("{9A19103F-16F7-4668-BE54-9A1E7A4F7556}") = "Application.UnitTests", "tests\Application.UnitTests\Application.UnitTests.csproj", "{A7269B6D-D2C0-4E03-ABFB-48A32BA74A30}"
EndProject
Project("{9A19103F-16F7-4668-BE54-9A1E7A4F7556}") = "Domain.UnitTests", "tests\Domain.UnitTests\Domain.UnitTests.csproj", "{9BFE30CC-7E95-4B60-9804-CA8BF3D43633}"
EndProject
Project("{9A19103F-16F7-4668-BE54-9A1E7A4F7556}") = "ArchitectureTests", "tests\ArchitectureTests\ArchitectureTests.csproj", "{8D8E2A8A-D3FE-4230-BEF7-C427D6BD87DA}"
EndProject
Project("{E53339B2-1760-4266-BCC7-CA923CBCF16C}") = "docker-compose", "docker-compose.dcproj", "{34BB3069-D5D0-4046-ACAD-A2025ED7678F}"
EndProject
Project("{9A19103F-16F7-4668-BE54-9A1E7A4F7556}") = "Api.FunctionalTests", "tests\Api.FunctionalTests\Api.FunctionalTests.csproj", "{A263185F-126C-4F6C-A3B1-59B79E684766}"
EndProject
Project("{FAE04EC0-301F-11D3-BF4B-00C04F79EFBC}") = "Application.IntegrationTests", "tests\Application.IntegrationTests\Application.IntegrationTests.csproj", "{C231C40F-E5F7-41F5-8CFB-E3DDDA39D634}"
EndProject
Global
	GlobalSection(SolutionConfigurationPlatforms) = preSolution
		Debug|Any CPU = Debug|Any CPU
		Release|Any CPU = Release|Any CPU
	EndGlobalSection
	GlobalSection(ProjectConfigurationPlatforms) = postSolution
		{0F576D4A-156D-4626-A4D5-83DD0F6FAFE7}.Debug|Any CPU.ActiveCfg = Debug|Any CPU
		{0F576D4A-156D-4626-A4D5-83DD0F6FAFE7}.Debug|Any CPU.Build.0 = Debug|Any CPU
		{0F576D4A-156D-4626-A4D5-83DD0F6FAFE7}.Release|Any CPU.ActiveCfg = Release|Any CPU
		{0F576D4A-156D-4626-A4D5-83DD0F6FAFE7}.Release|Any CPU.Build.0 = Release|Any CPU
		{D6A4CB9D-F8BC-4650-A749-A7A8B713F51A}.Debug|Any CPU.ActiveCfg = Debug|Any CPU
		{D6A4CB9D-F8BC-4650-A749-A7A8B713F51A}.Debug|Any CPU.Build.0 = Debug|Any CPU
		{D6A4CB9D-F8BC-4650-A749-A7A8B713F51A}.Release|Any CPU.ActiveCfg = Release|Any CPU
		{D6A4CB9D-F8BC-4650-A749-A7A8B713F51A}.Release|Any CPU.Build.0 = Release|Any CPU
		{C699FD09-4D82-4C4B-8744-4FD3B0D60EFC}.Debug|Any CPU.ActiveCfg = Debug|Any CPU
		{C699FD09-4D82-4C4B-8744-4FD3B0D60EFC}.Debug|Any CPU.Build.0 = Debug|Any CPU
		{C699FD09-4D82-4C4B-8744-4FD3B0D60EFC}.Release|Any CPU.ActiveCfg = Release|Any CPU
		{C699FD09-4D82-4C4B-8744-4FD3B0D60EFC}.Release|Any CPU.Build.0 = Release|Any CPU
		{166778A2-518F-47F0-BBC7-DB49C76A963C}.Debug|Any CPU.ActiveCfg = Debug|Any CPU
		{166778A2-518F-47F0-BBC7-DB49C76A963C}.Debug|Any CPU.Build.0 = Debug|Any CPU
		{166778A2-518F-47F0-BBC7-DB49C76A963C}.Release|Any CPU.ActiveCfg = Release|Any CPU
		{166778A2-518F-47F0-BBC7-DB49C76A963C}.Release|Any CPU.Build.0 = Release|Any CPU
		{86506D03-3746-41E7-A645-97D3633981DB}.Debug|Any CPU.ActiveCfg = Debug|Any CPU
		{86506D03-3746-41E7-A645-97D3633981DB}.Debug|Any CPU.Build.0 = Debug|Any CPU
		{86506D03-3746-41E7-A645-97D3633981DB}.Release|Any CPU.ActiveCfg = Release|Any CPU
		{86506D03-3746-41E7-A645-97D3633981DB}.Release|Any CPU.Build.0 = Release|Any CPU
		{A7269B6D-D2C0-4E03-ABFB-48A32BA74A30}.Debug|Any CPU.ActiveCfg = Debug|Any CPU
		{A7269B6D-D2C0-4E03-ABFB-48A32BA74A30}.Debug|Any CPU.Build.0 = Debug|Any CPU
		{A7269B6D-D2C0-4E03-ABFB-48A32BA74A30}.Release|Any CPU.ActiveCfg = Release|Any CPU
		{A7269B6D-D2C0-4E03-ABFB-48A32BA74A30}.Release|Any CPU.Build.0 = Release|Any CPU
		{9BFE30CC-7E95-4B60-9804-CA8BF3D43633}.Debug|Any CPU.ActiveCfg = Debug|Any CPU
		{9BFE30CC-7E95-4B60-9804-CA8BF3D43633}.Debug|Any CPU.Build.0 = Debug|Any CPU
		{9BFE30CC-7E95-4B60-9804-CA8BF3D43633}.Release|Any CPU.ActiveCfg = Release|Any CPU
		{9BFE30CC-7E95-4B60-9804-CA8BF3D43633}.Release|Any CPU.Build.0 = Release|Any CPU
		{8D8E2A8A-D3FE-4230-BEF7-C427D6BD87DA}.Debug|Any CPU.ActiveCfg = Debug|Any CPU
		{8D8E2A8A-D3FE-4230-BEF7-C427D6BD87DA}.Debug|Any CPU.Build.0 = Debug|Any CPU
		{8D8E2A8A-D3FE-4230-BEF7-C427D6BD87DA}.Release|Any CPU.ActiveCfg = Release|Any CPU
		{8D8E2A8A-D3FE-4230-BEF7-C427D6BD87DA}.Release|Any CPU.Build.0 = Release|Any CPU
		{34BB3069-D5D0-4046-ACAD-A2025ED7678F}.Debug|Any CPU.ActiveCfg = Debug|Any CPU
		{34BB3069-D5D0-4046-ACAD-A2025ED7678F}.Debug|Any CPU.Build.0 = Debug|Any CPU
		{34BB3069-D5D0-4046-ACAD-A2025ED7678F}.Release|Any CPU.ActiveCfg = Release|Any CPU
		{34BB3069-D5D0-4046-ACAD-A2025ED7678F}.Release|Any CPU.Build.0 = Release|Any CPU
		{A263185F-126C-4F6C-A3B1-59B79E684766}.Debug|Any CPU.ActiveCfg = Debug|Any CPU
		{A263185F-126C-4F6C-A3B1-59B79E684766}.Debug|Any CPU.Build.0 = Debug|Any CPU
		{A263185F-126C-4F6C-A3B1-59B79E684766}.Release|Any CPU.ActiveCfg = Release|Any CPU
		{A263185F-126C-4F6C-A3B1-59B79E684766}.Release|Any CPU.Build.0 = Release|Any CPU
		{C231C40F-E5F7-41F5-8CFB-E3DDDA39D634}.Debug|Any CPU.ActiveCfg = Debug|Any CPU
		{C231C40F-E5F7-41F5-8CFB-E3DDDA39D634}.Debug|Any CPU.Build.0 = Debug|Any CPU
		{C231C40F-E5F7-41F5-8CFB-E3DDDA39D634}.Release|Any CPU.ActiveCfg = Release|Any CPU
		{C231C40F-E5F7-41F5-8CFB-E3DDDA39D634}.Release|Any CPU.Build.0 = Release|Any CPU
	EndGlobalSection
	GlobalSection(SolutionProperties) = preSolution
		HideSolutionNode = FALSE
	EndGlobalSection
	GlobalSection(NestedProjects) = preSolution
		{0F576D4A-156D-4626-A4D5-83DD0F6FAFE7} = {64A28C1B-09AF-426E-8721-D002BE554B48}
		{D6A4CB9D-F8BC-4650-A749-A7A8B713F51A} = {64A28C1B-09AF-426E-8721-D002BE554B48}
		{C699FD09-4D82-4C4B-8744-4FD3B0D60EFC} = {64A28C1B-09AF-426E-8721-D002BE554B48}
		{166778A2-518F-47F0-BBC7-DB49C76A963C} = {64A28C1B-09AF-426E-8721-D002BE554B48}
		{86506D03-3746-41E7-A645-97D3633981DB} = {64A28C1B-09AF-426E-8721-D002BE554B48}
		{A7269B6D-D2C0-4E03-ABFB-48A32BA74A30} = {1EB88D85-BE1E-46DE-99A2-2F02363060AF}
		{9BFE30CC-7E95-4B60-9804-CA8BF3D43633} = {1EB88D85-BE1E-46DE-99A2-2F02363060AF}
		{8D8E2A8A-D3FE-4230-BEF7-C427D6BD87DA} = {1EB88D85-BE1E-46DE-99A2-2F02363060AF}
		{A263185F-126C-4F6C-A3B1-59B79E684766} = {1EB88D85-BE1E-46DE-99A2-2F02363060AF}
		{C231C40F-E5F7-41F5-8CFB-E3DDDA39D634} = {1EB88D85-BE1E-46DE-99A2-2F02363060AF}
	EndGlobalSection
	GlobalSection(ExtensibilityGlobals) = postSolution
		SolutionGuid = {B948A3CC-9872-4612-ABD2-BB3D49671542}
	EndGlobalSection
EndGlobal
